# This file is autogenerated, do not edit; changes may be undone by the next 'dep ensure'.


[[projects]]
  name = "github.com/kbinani/win"
  packages = ["."]
  revision = "47348268596a5a7daca78499d4d2e070f7055084"
  version = "v0.3.0"

[solve-meta]
  analyzer-name = "dep"
  analyzer-version = 1
  inputs-digest = "7cfa3fec3723d2ffac6d723e56023a7941ee14670fb6eee75179154bbeb9e359"
  solver-name = "gps-cdcl"
  solver-version = 1
